
Microsoft Visual Studio Solution File, Format Version 12.00
# Visual Studio Version 17
VisualStudioVersion = 17.3.32901.215
MinimumVisualStudioVersion = 10.0.40219.1
Project("{FAE04EC0-301F-11D3-BF4B-00C04F79EFBC}") = "SpectrumSharing", "SpectrumSharing.csproj", "{71BDBA7C-498E-4648-91FE-435A30367934}"
EndProject
Global
	GlobalSection(SolutionConfigurationPlatforms) = preSolution
		Debug|Any CPU = Debug|Any CPU
		Release|Any CPU = Release|Any CPU
	EndGlobalSection
	GlobalSection(ProjectConfigurationPlatforms) = postSolution
		{71BDBA7C-498E-4648-91FE-435A30367934}.Debug|Any CPU.ActiveCfg = Debug|Any CPU
		{71BDBA7C-498E-4648-91FE-435A30367934}.Debug|Any CPU.Build.0 = Debug|Any CPU
		{71BDBA7C-498E-4648-91FE-435A30367934}.Release|Any CPU.ActiveCfg = Release|Any CPU
		{71BDBA7C-498E-4648-91FE-435A30367934}.Release|Any CPU.Build.0 = Release|Any CPU
	EndGlobalSection
	GlobalSection(SolutionProperties) = preSolution
		HideSolutionNode = FALSE
	EndGlobalSection
	GlobalSection(ExtensibilityGlobals) = postSolution
		SolutionGuid = {5ECE012B-B0F2-4374-8047-5ACFA1F267DE}
	EndGlobalSection
EndGlobal
